
Microsoft Visual Studio Solution File, Format Version 12.00
# Visual Studio Version 16
VisualStudioVersion = 16.0.30907.101
MinimumVisualStudioVersion = 10.0.40219.1
Project("{9A19103F-16F7-4668-BE54-9A1E7A4F7556}") = "PhoneBookEntity", "PhoneBookEntity\PhoneBookEntity.csproj", "{6337C5DA-2F29-4F8C-9D31-39BDC0B5246E}"
EndProject
Project("{9A19103F-16F7-4668-BE54-9A1E7A4F7556}") = "PhoneBookRepo", "PhoneBookRepo\PhoneBookRepo.csproj", "{B0A5D832-DDC5-4CA8-9C9D-26A9FD8E05BF}"
EndProject
Project("{9A19103F-16F7-4668-BE54-9A1E7A4F7556}") = "PhoneBookTest", "PhoneBookTest\PhoneBookTest.csproj", "{12752E5C-8A8E-4FA9-911E-6AAE744FB665}"
EndProject
Global
	GlobalSection(SolutionConfigurationPlatforms) = preSolution
		Debug|Any CPU = Debug|Any CPU
		Release|Any CPU = Release|Any CPU
	EndGlobalSection
	GlobalSection(ProjectConfigurationPlatforms) = postSolution
		{6337C5DA-2F29-4F8C-9D31-39BDC0B5246E}.Debug|Any CPU.ActiveCfg = Debug|Any CPU
		{6337C5DA-2F29-4F8C-9D31-39BDC0B5246E}.Debug|Any CPU.Build.0 = Debug|Any CPU
		{6337C5DA-2F29-4F8C-9D31-39BDC0B5246E}.Release|Any CPU.ActiveCfg = Release|Any CPU
		{6337C5DA-2F29-4F8C-9D31-39BDC0B5246E}.Release|Any CPU.Build.0 = Release|Any CPU
		{B0A5D832-DDC5-4CA8-9C9D-26A9FD8E05BF}.Debug|Any CPU.ActiveCfg = Debug|Any CPU
		{B0A5D832-DDC5-4CA8-9C9D-26A9FD8E05BF}.Debug|Any CPU.Build.0 = Debug|Any CPU
		{B0A5D832-DDC5-4CA8-9C9D-26A9FD8E05BF}.Release|Any CPU.ActiveCfg = Release|Any CPU
		{B0A5D832-DDC5-4CA8-9C9D-26A9FD8E05BF}.Release|Any CPU.Build.0 = Release|Any CPU
		{12752E5C-8A8E-4FA9-911E-6AAE744FB665}.Debug|Any CPU.ActiveCfg = Debug|Any CPU
		{12752E5C-8A8E-4FA9-911E-6AAE744FB665}.Debug|Any CPU.Build.0 = Debug|Any CPU
		{12752E5C-8A8E-4FA9-911E-6AAE744FB665}.Release|Any CPU.ActiveCfg = Release|Any CPU
		{12752E5C-8A8E-4FA9-911E-6AAE744FB665}.Release|Any CPU.Build.0 = Release|Any CPU
	EndGlobalSection
	GlobalSection(SolutionProperties) = preSolution
		HideSolutionNode = FALSE
	EndGlobalSection
	GlobalSection(ExtensibilityGlobals) = postSolution
		SolutionGuid = {FA109D85-3D43-4BBC-B75B-D5D58CC7C832}
	EndGlobalSection
EndGlobal
